github.com/davecgh/go-spew v1.1.0/go.mod h1:J7Y8YcW2NihsgmVo/mv3lAwl/skON4iLHjSsI+c5H38=
github.com/davecgh/go-spew v1.1.1 h1:vj9j/u1bqnvCEfJOwUhtlOARqs3+rkHYY13jYWTU97c=
github.com/davecgh/go-spew v1.1.1/go.mod h1:J7Y8YcW2NihsgmVo/mv3lAwl/skON4iLHjSsI+c5H38=
github.com/enobufs/go-rudp v0.0.2/go.mod h1:F+QqWNfZtsNdX7HNHhn0bW81PF/LGx4N82N3aMkPchE=
github.com/golang/protobuf v1.4.0-rc.1/go.mod h1:ceaxUfeHdC40wWswd/P6IGgMaK3YpKi5j83Wpe3EHw8=
github.com/golang/protobuf v1.4.0-rc.1.0.20200221234624-67d41d38c208/go.mod h1:xKAWHe0F5eneWXFV3EuXVDTCmh+JuBKY0li0aMyXATA=
github.com/golang/protobuf v1.4.0-rc.2/go.mod h1:LlEzMj4AhA7rCAGe4KMBDvJI+AwstrUpVNzEA03Pprs=
github.com/golang/protobuf v1.4.0-rc.4.0.20200313231945-b860323f09d0/go.mod h1:WU3c8KckQ9AFe+yFwt9sWVRKCVIyN9cPHBJSNnbL67w=
github.com/golang/protobuf v1.4.0/go.mod h1:jodUvKwWbYaEsadDk5Fwe5c77LiNKVO9IDvqG2KuDX0=
github.com/golang/protobuf v1.4.2 h1:+Z5KGCizgyZCbGh1KZqA0fcLLkwbsjIzS4aV2v7wJX0=
github.com/golang/protobuf v1.4.2/go.mod h1:oDoupMAO8OvCJWAcko0GGGIgR6R6ocIYbsSw735rRwI=
github.com/google/go-cmp v0.3.0/go.mod h1:8QqcDgzrUqlUb/G2PQTWiueGozuR1884gddMywk6iLU=
github.com/google/go-cmp v0.3.1/go.mod h1:8QqcDgzrUqlUb/G2PQTWiueGozuR1884gddMywk6iLU=
github.com/google/go-cmp v0.4.0 h1:xsAVV57WRhGj6kEIi8ReJzQlHHqcBYCElAvkovg3B/4=
github.com/google/go-cmp v0.4.0/go.mod h1:v8dTdLbMG2kIc/vJvl+f65V22dbkXbowE6jgT/gNBxE=
github.com/kr/pretty v0.1.0 h1:L/CwN0zerZDmRFUapSPitk6f+Q3+0za1rQkzVuMiMFI=
github.com/kr/pretty v0.1.0/go.mod h1:dAy3ld7l9f0ibDNOQOHHMYYIIbhfbHSm3C4ZsoJORNo=
github.com/kr/pty v1.1.1/go.mod h1:pFQYn66WHrOpPYNljwOMqo10TkYh1fy3cYio2l3bCsQ=
github.com/kr/text v0.1.0 h1:45sCR5RtlFHMR4UwH9sdQ5TC8v0qDQCHnXt+kaKSTVE=
github.com/kr/text v0.1.0/go.mod h1:4Jbv+DJW3UT/LiOwJeYQe1efqtUx/iVham/4vfdArNI=
github.com/minio/highwayhash v1.0.0 h1:iMSDhgUILCr0TNm8LWlSjF8N0ZIj2qbO8WHp6Q/J2BA=
github.com/minio/highwayhash v1.0.0/go.mod h1:xQboMTeM9nY9v/LlAOxFctujiv5+Aq2hR5dxBpaMbdc=
github.com/nats-io/jwt v0.3.2/go.mod h1:/euKqTS1ZD+zzjYrY7pseZrTtWQSjujC7xjPc8wL6eU=
github.com/nats-io/jwt v0.3.3-0.20200519195258-f2bf5ce574c7 h1:RnGotxlghqR5D2KDAu4TyuLqyjuylOsJiAFhXvMvQIc=
github.com/nats-io/jwt v0.3.3-0.20200519195258-f2bf5ce574c7/go.mod h1:n3cvmLfBfnpV4JJRN7lRYCyZnw48ksGsbThGXEk4w9M=
github.com/nats-io/jwt/v2 v2.0.0-20200602193336-473d698956ed h1:nnV8Mw23aNwNpKuQWuVBEuAqyBOEY21hLWKpVdNr6dQ=
github.com/nats-io/jwt/v2 v2.0.0-20200602193336-473d698956ed/go.mod h1:vs+ZEjP+XKy8szkBmQwCB7RjYdIlMaPsFPs4VdS4bTQ=
github.com/nats-io/nats-server/v2 v2.1.8-0.20200524125952-51ebd92a9093/go.mod h1:rQnBf2Rv4P9adtAs/Ti6LfFmVtFG6HLhl/H7cVshcJU=
github.com/nats-io/nats-server/v2 v2.1.8-0.20200601203034-f8d6dd992b71 h1:nexMtKbOeM+w3vGQMNF0BEt+2xZDmVCtYXql2Ym+RWg=
github.com/nats-io/nats-server/v2 v2.1.8-0.20200601203034-f8d6dd992b71/go.mod h1:Nan/1L5Sa1JRW+Thm4HNYcIDcVRFc5zK9OpSZeI2kk4=
github.com/nats-io/nats-server/v2 v2.1.8-0.20200617224755-fa744fdcdaa3 h1:aDJ5IrBlq4KHBgwWZtKXi1lvY2EkRYOiC2KQfdLTJL8=
github.com/nats-io/nats-server/v2 v2.1.8-0.20200617224755-fa744fdcdaa3/go.mod h1:uXGA6y1uxwW755SK+LoDZggh+UUVsbVoxh8ZG8MqbsI=
github.com/nats-io/nats.go v1.10.0/go.mod h1:AjGArbfyR50+afOUotNX2Xs5SYHf+CoOa5HH1eEl2HE=
github.com/nats-io/nats.go v1.10.1-0.20200531124210-96f2130e4d55/go.mod h1:ARiFsjW9DVxk48WJbO3OSZ2DG8fjkMi7ecLmXoY/n9I=
github.com/nats-io/nats.go v1.10.1-0.20200606002146-fc6fed82929a/go.mod h1:8eAIv96Mo9QW6Or40jUHejS7e4VwZ3VRYD6Sf0BTDp4=
github.com/nats-io/nkeys v0.1.3/go.mod h1:xpnFELMwJABBLVhffcfd1MZx6VsNRFpEugbxziKVo7w=
github.com/nats-io/nkeys v0.1.4/go.mod h1:XdZpAbhgyyODYqjTawOnIOI7VlbKSarI9Gfy1tqEu/s=
github.com/nats-io/nkeys v0.2.0 h1:WXKF7diOaPU9cJdLD7nuzwasQy9vT1tBqzXZZf3AMJM=
github.com/nats-io/nkeys v0.2.0/go.mod h1:XdZpAbhgyyODYqjTawOnIOI7VlbKSarI9Gfy1tqEu/s=
github.com/nats-io/nuid v1.0.1 h1:5iA8DT8V7q8WK2EScv2padNa/rTESc1KdnPw4TC2paw=
github.com/nats-io/nuid v1.0.1/go.mod h1:19wcPz3Ph3q0Jbyiqsd0kePYG7A95tJPxeL+1OSON2c=
github.com/pion/logging v0.2.2 h1:M9+AIj/+pxNsDfAT64+MAVgJO0rsyLnoJKCqf//DoeY=
github.com/pion/logging v0.2.2/go.mod h1:k0/tDVsRCX2Mb2ZEmTqNa7CWsQPc+YYCB7Q+5pahoms=
github.com/pion/randutil v0.1.0 h1:CFG1UdESneORglEsnimhUjf33Rwjubwj6xfiOXBa3mA=
github.com/pion/randutil v0.1.0/go.mod h1:XcJrSMMbbMRhASFVOlj/5hQial/Y8oH/HVo7TBZq+j8=
github.com/pion/sctp v1.7.0/go.mod h1:HlTD+15FeLYYQTTDO35uKEeRLVq5L2AY/ef6ZSvpIXc=
github.com/pion/sctp v1.7.9/go.mod h1:EhpTUQu1/lcK3xI+eriS6/96fWetHGCvBi9MSsnaBN0=
github.com/pion/transport v0.8.9/go.mod h1:lpeSM6KJFejVtZf8k0fgeN7zE73APQpTF83WvA1FVP8=
github.com/pion/transport v0.10.0 h1:9M12BSneJm6ggGhJyWpDveFOstJsTiQjkLf4M44rm80=
github.com/pion/transport v0.10.0/go.mod h1:BnHnUipd0rZQyTVB2SBGojFHT9CBt5C5TcsJSQGkvSE=
github.com/pion/transport v0.10.1 h1:2W+yJT+0mOQ160ThZYUx5Zp2skzshiNgxrNE9GUfhJM=
github.com/pion/transport v0.10.1/go.mod h1:PBis1stIILMiis0PewDw91WJeLJkyIMcEk+DwKOzf4A=
github.com/pion/udp v0.1.0 h1:uGxQsNyrqG3GLINv36Ff60covYmfrLoxzwnCsIYspXI=
github.com/pion/udp v0.1.0/go.mod h1:BPELIjbwE9PRbd/zxI/KYBnbo7B6+oA6YuEaNE8lths=
github.com/pkg/errors v0.8.1/go.mod h1:bwawxfHBFNV+L2hUp1rHADufV3IMtnDRdf1r5NINEl0=
github.com/pkg/errors v0.9.1 h1:FEBLx1zS214owpjy7qsBeixbURkuhQAwrK5UwLGTwt4=
github.com/pkg/errors v0.9.1/go.mod h1:bwawxfHBFNV+L2hUp1rHADufV3IMtnDRdf1r5NINEl0=
github.com/pmezard/go-difflib v1.0.0 h1:4DBwDE0NGyQoBHbLQYPwSUPoCMWR5BEzIk/f1lZbAQM=
github.com/pmezard/go-difflib v1.0.0/go.mod h1:iKH77koFhYxTK1pcRnkKkqfTogsbg7gZNVY4sRDYZ/4=
github.com/stretchr/objx v0.1.0/go.mod h1:HFkY916IF+rwdDfMAkV7OtwuqBVzrE8GR6GFx+wExME=
github.com/stretchr/testify v1.3.0/go.mod h1:M5WIy9Dh21IEIfnGCwXGc5bZfKNJtfHm1UVUgZn+9EI=
github.com/stretchr/testify v1.4.0/go.mod h1:j7eGeouHqKxXV5pUuKE4zz7dFj8WfuZ+81PSLYec5m4=
github.com/stretchr/testify v1.5.1 h1:nOGnQDM7FYENwehXlg/kFVnos3rEvtKTjRvOWSzb6H4=
github.com/stretchr/testify v1.5.1/go.mod h1:5W2xD1RspED5o8YsWQXVCued0rvSQ+mT+I5cxcmMvtA=
github.com/stretchr/testify v1.6.1/go.mod h1:6Fq8oRcR53rry900zMqJjRRixrwX3KX962/h/Wwjteg=
github.com/yanzongzhen/sctp v0.0.0-20200903040732-c01fcf136f59 h1:+KwUsRdv8qjUlBaHgesErWppTYAGBgg9D6UwZTCocDc=
github.com/yanzongzhen/sctp v0.0.0-20200903040732-c01fcf136f59/go.mod h1:pUr6vOIMVWAzBJlPxasbY5XPKwmT+KyVHb4tj5DLt2Q=
github.com/yanzongzhen/sctp v1.8.0 h1:/BEmRf+1jYIdjE3cNl4Y6hrU3EqvyEK5jyg2jfpMZ1Q=
github.com/yanzongzhen/sctp v1.8.0/go.mod h1:pUr6vOIMVWAzBJlPxasbY5XPKwmT+KyVHb4tj5DLt2Q=
github.com/yanzongzhen/sctp v1.8.1 h1:5G8tqRSAXZfXE5Vb2JLrnBSXTuGOYyQ++6dpndJ2mVE=
github.com/yanzongzhen/sctp v1.8.1/go.mod h1:D9RSy19l9T2ysno9FkflwH3w4mKJQeUmrVzIbuhoxE8=
github.com/yanzongzhen/sctp v1.8.2 h1:y+xeN1yW0KSch9NrLdKtB3HPowVFve4DbrXGjhgF5Ck=
github.com/yanzongzhen/sctp v1.8.2/go.mod h1:D9RSy19l9T2ysno9FkflwH3w4mKJQeUmrVzIbuhoxE8=
golang.org/x/crypto v0.0.0-20190308221718-c2843e01d9a2/go.mod h1:djNgcEr1/C05ACkg1iLfiJU5Ep61QUkGW8qpdssI0+w=
golang.org/x/crypto v0.0.0-20190701094942-4def268fd1a4/go.mod h1:yigFU9vqHzYiE8UmvKecakEJjdnWj3jj499lnFckfCI=
golang.org/x/crypto v0.0.0-20200323165209-0ec3e9974c59 h1:3zb4D3T4G8jdExgVU/95+vQXfpEPiMdCaZgmGVxjNHM=
golang.org/x/crypto v0.0.0-20200323165209-0ec3e9974c59/go.mod h1:LzIPMQfyMNhhGPhUkYOs5KpL4U8rLKemX1yGLhDgUto=
golang.org/x/crypto v0.0.0-20200622213623-75b288015ac9 h1:psW17arqaxU48Z5kZ0CQnkZWQJsqcURM6tKiBApRjXI=
golang.org/x/crypto v0.0.0-20200622213623-75b288015ac9/go.mod h1:LzIPMQfyMNhhGPhUkYOs5KpL4U8rLKemX1yGLhDgUto=
golang.org/x/net v0.0.0-20190404232315-eb5bcb51f2a3/go.mod h1:t9HGtf8HONx5eT2rtn7q6eTqICYqUVnKs3thJo3Qplg=
golang.org/x/net v0.0.0-20200226121028-0de0cce0169b h1:0mm1VjtFUOIlE1SbDlwjYaDxZVDP2S5ou6y0gSgXHu8=
golang.org/x/net v0.0.0-20200226121028-0de0cce0169b/go.mod h1:z5CRVTTTmAJ677TzLLGU+0bjPO0LkuOLi4/5GtJWs/s=
golang.org/x/net v0.0.0-20200625001655-4c5254603344/go.mod h1:/O7V0waA8r7cgGh81Ro3o1hOxt32SMVPicZroKQ2sZA=
golang.org/x/sys v0.0.0-20190130150945-aca44879d564/go.mod h1:STP8DvDyc/dI5b8T5hshtkjS+E42TnysNCUPdjciGhY=
golang.org/x/sys v0.0.0-20190215142949-d0b11bdaac8a/go.mod h1:STP8DvDyc/dI5b8T5hshtkjS+E42TnysNCUPdjciGhY=
golang.org/x/sys v0.0.0-20190412213103-97732733099d/go.mod h1:h1NjWce9XRLGQEsW7wpKNCjG9DtNlClVuFLEZdDNbEs=
golang.org/x/sys v0.0.0-20191022100944-742c48ecaeb7 h1:HmbHVPwrPEKPGLAcHSrMe6+hqSUlvZU0rab6x5EXfGU=
golang.org/x/sys v0.0.0-20191022100944-742c48ecaeb7/go.mod h1:h1NjWce9XRLGQEsW7wpKNCjG9DtNlClVuFLEZdDNbEs=
golang.org/x/sys v0.0.0-20200323222414-85ca7c5b95cd/go.mod h1:h1NjWce9XRLGQEsW7wpKNCjG9DtNlClVuFLEZdDNbEs=
golang.org/x/text v0.3.0/go.mod h1:NqM8EUOU14njkJ3fqMW+pc6Ldnwhi/IjpwHt7yyuwOQ=
golang.org/x/xerrors v0.0.0-20191204190536-9bdfabe68543 h1:E7g+9GITq07hpfrRu66IVDexMakfv52eLZ2CXBWiKr4=
golang.org/x/xerrors v0.0.0-20191204190536-9bdfabe68543/go.mod h1:I/5z698sn9Ka8TeJc9MKroUUfqBBauWjQqLJ2OPfmY0=
google.golang.org/protobuf v0.0.0-20200109180630-ec00e32a8dfd/go.mod h1:DFci5gLYBciE7Vtevhsrf46CRTquxDuWsQurQQe4oz8=
google.golang.org/protobuf v0.0.0-20200221191635-4d8936d0db64/go.mod h1:kwYJMbMJ01Woi6D6+Kah6886xMZcty6N08ah7+eCXa0=
google.golang.org/protobuf v0.0.0-20200228230310-ab0ca4ff8a60/go.mod h1:cfTl7dwQJ+fmap5saPgwCLgHXTUD7jkjRqWcaiX5VyM=
google.golang.org/protobuf v1.20.1-0.20200309200217-e05f789c0967/go.mod h1:A+miEFZTKqfCUM6K7xSMQL9OKL/b6hQv+e19PK+JZNE=
google.golang.org/protobuf v1.21.0/go.mod h1:47Nbq4nVaFHyn7ilMalzfO3qCViNmqZ2kzikPIcrTAo=
google.golang.org/protobuf v1.23.0 h1:4MY060fB1DLGMB/7MBTLnwQUY6+F09GEiz6SsrNqyzM=
google.golang.org/protobuf v1.23.0/go.mod h1:EGpADcykh3NcUnDUJcl1+ZksZNG86OlYog2l/sGQquU=
gopkg.in/check.v1 v0.0.0-20161208181325-20d25e280405/go.mod h1:Co6ibVJAznAaIkqp8huTwlJQCZ016jof/cbN4VW5Yz0=
gopkg.in/check.v1 v1.0.0-20190902080502-41f04d3bba15 h1:YR8cESwS4TdDjEe65xsg0ogRM/Nc3DYOhEAlW+xobZo=
gopkg.in/check.v1 v1.0.0-20190902080502-41f04d3bba15/go.mod h1:Co6ibVJAznAaIkqp8huTwlJQCZ016jof/cbN4VW5Yz0=
gopkg.in/yaml.v2 v2.2.2 h1:ZCJp+EgiOT7lHqUV2J862kp8Qj64Jo6az82+3Td9dZw=
gopkg.in/yaml.v2 v2.2.2/go.mod h1:hI93XBmqTisBFMUTm0b8Fm+jr3Dg1NNxqwp+5A1VGuI=
gopkg.in/yaml.v2 v2.2.4/go.mod h1:hI93XBmqTisBFMUTm0b8Fm+jr3Dg1NNxqwp+5A1VGuI=
gopkg.in/yaml.v3 v3.0.0-20200313102051-9f266ea9e77c/go.mod h1:K4uyk7z7BCEPqu6E+C64Yfv1cQ7kz7rIZviUmN+EgEM=
